
Microsoft Visual Studio Solution File, Format Version 12.00
# Visual Studio Version 16
VisualStudioVersion = 16.0.31515.178
MinimumVisualStudioVersion = 10.0.40219.1
Project("{9A19103F-16F7-4668-BE54-9A1E7A4F7556}") = "RP-IT-ERP.API", "RP-IT-ERP\RP-IT-ERP.API.csproj", "{809170B2-1AF4-466C-8E93-F9B8A634392A}"
EndProject
Project("{FAE04EC0-301F-11D3-BF4B-00C04F79EFBC}") = "RP-IT-ERP.Test", "RP-IT-ERP.Test\RP-IT-ERP.Test.csproj", "{45E7F917-3F07-4D24-8A87-8125EC46EB95}"
EndProject
Project("{FAE04EC0-301F-11D3-BF4B-00C04F79EFBC}") = "RP-IT-ERP.Infrastructure", "RP-IT-ERP.Infrastructure\RP-IT-ERP.Infrastructure.csproj", "{C722C244-C0B7-418E-B712-5AE3C2D462E6}"
EndProject
Project("{FAE04EC0-301F-11D3-BF4B-00C04F79EFBC}") = "RP-IT-ERP.Domain", "RP-IT-ERP.Domain\RP-IT-ERP.Domain.csproj", "{A9D1AE26-4F32-459F-8C83-ED0F302CCFAB}"
EndProject
Project("{FAE04EC0-301F-11D3-BF4B-00C04F79EFBC}") = "RP-IT-ERP.Application", "RP-IT-ERP.Application\RP-IT-ERP.Application.csproj", "{10B7B1EF-69C9-4989-85F1-6595AA3716D5}"
EndProject
Project("{2150E333-8FDC-42A3-9474-1A3956D46DE8}") = "Application", "Application", "{C015B045-DD6A-4F2A-AC90-A944CC49FB03}"
EndProject
Project("{2150E333-8FDC-42A3-9474-1A3956D46DE8}") = "Domain", "Domain", "{254D9322-8154-480E-9FA5-B97D92571406}"
EndProject
Project("{2150E333-8FDC-42A3-9474-1A3956D46DE8}") = "Test", "Test", "{5D096733-84C6-4AFD-A694-07CE6443DDA0}"
EndProject
Project("{2150E333-8FDC-42A3-9474-1A3956D46DE8}") = "Infrastrcture", "Infrastrcture", "{B0A13A0F-7333-498D-B326-A37DBFDBBDA9}"
EndProject
Global
	GlobalSection(SolutionConfigurationPlatforms) = preSolution
		Debug|Any CPU = Debug|Any CPU
		Release|Any CPU = Release|Any CPU
	EndGlobalSection
	GlobalSection(ProjectConfigurationPlatforms) = postSolution
		{809170B2-1AF4-466C-8E93-F9B8A634392A}.Debug|Any CPU.ActiveCfg = Debug|Any CPU
		{809170B2-1AF4-466C-8E93-F9B8A634392A}.Debug|Any CPU.Build.0 = Debug|Any CPU
		{809170B2-1AF4-466C-8E93-F9B8A634392A}.Release|Any CPU.ActiveCfg = Release|Any CPU
		{809170B2-1AF4-466C-8E93-F9B8A634392A}.Release|Any CPU.Build.0 = Release|Any CPU
		{45E7F917-3F07-4D24-8A87-8125EC46EB95}.Debug|Any CPU.ActiveCfg = Debug|Any CPU
		{45E7F917-3F07-4D24-8A87-8125EC46EB95}.Debug|Any CPU.Build.0 = Debug|Any CPU
		{45E7F917-3F07-4D24-8A87-8125EC46EB95}.Release|Any CPU.ActiveCfg = Release|Any CPU
		{45E7F917-3F07-4D24-8A87-8125EC46EB95}.Release|Any CPU.Build.0 = Release|Any CPU
		{C722C244-C0B7-418E-B712-5AE3C2D462E6}.Debug|Any CPU.ActiveCfg = Debug|Any CPU
		{C722C244-C0B7-418E-B712-5AE3C2D462E6}.Debug|Any CPU.Build.0 = Debug|Any CPU
		{C722C244-C0B7-418E-B712-5AE3C2D462E6}.Release|Any CPU.ActiveCfg = Release|Any CPU
		{C722C244-C0B7-418E-B712-5AE3C2D462E6}.Release|Any CPU.Build.0 = Release|Any CPU
		{A9D1AE26-4F32-459F-8C83-ED0F302CCFAB}.Debug|Any CPU.ActiveCfg = Debug|Any CPU
		{A9D1AE26-4F32-459F-8C83-ED0F302CCFAB}.Debug|Any CPU.Build.0 = Debug|Any CPU
		{A9D1AE26-4F32-459F-8C83-ED0F302CCFAB}.Release|Any CPU.ActiveCfg = Release|Any CPU
		{A9D1AE26-4F32-459F-8C83-ED0F302CCFAB}.Release|Any CPU.Build.0 = Release|Any CPU
		{10B7B1EF-69C9-4989-85F1-6595AA3716D5}.Debug|Any CPU.ActiveCfg = Debug|Any CPU
		{10B7B1EF-69C9-4989-85F1-6595AA3716D5}.Debug|Any CPU.Build.0 = Debug|Any CPU
		{10B7B1EF-69C9-4989-85F1-6595AA3716D5}.Release|Any CPU.ActiveCfg = Release|Any CPU
		{10B7B1EF-69C9-4989-85F1-6595AA3716D5}.Release|Any CPU.Build.0 = Release|Any CPU
	EndGlobalSection
	GlobalSection(SolutionProperties) = preSolution
		HideSolutionNode = FALSE
	EndGlobalSection
	GlobalSection(NestedProjects) = preSolution
		{45E7F917-3F07-4D24-8A87-8125EC46EB95} = {5D096733-84C6-4AFD-A694-07CE6443DDA0}
		{C722C244-C0B7-418E-B712-5AE3C2D462E6} = {B0A13A0F-7333-498D-B326-A37DBFDBBDA9}
		{A9D1AE26-4F32-459F-8C83-ED0F302CCFAB} = {254D9322-8154-480E-9FA5-B97D92571406}
		{10B7B1EF-69C9-4989-85F1-6595AA3716D5} = {C015B045-DD6A-4F2A-AC90-A944CC49FB03}
	EndGlobalSection
	GlobalSection(ExtensibilityGlobals) = postSolution
		SolutionGuid = {ABD79464-93EB-47E0-9F50-A419F61F6729}
	EndGlobalSection
EndGlobal
